<?xml version="1.0" encoding="utf-8"?>
<Project ToolsVersion="4.0" xmlns="http://schemas.microsoft.com/developer/msbuild/2003">
  <ItemGroup>
    <Filter Include="Source Files">
      <UniqueIdentifier>{4FC737F1-C7A5-4376-A066-2A32D752A2FF}</UniqueIdentifier>
      <Extensions>cpp;c;cc;cxx;def;odl;idl;hpj;bat;asm;asmx</Extensions>
    </Filter>
    <Filter Include="Header Files">
      <UniqueIdentifier>{93995380-89BD-4b04-88EB-625FBE52EBFB}</UniqueIdentifier>
      <Extensions>h;hpp;hxx;hm;inl;inc;xsd</Extensions>
    </Filter>
    <Filter Include="Resource Files">
      <UniqueIdentifier>{67DA6AB6-F800-4c08-8B7A-83BB121AAD01}</UniqueIdentifier>
      <Extensions>rc;ico;cur;bmp;dlg;rc2;rct;bin;rgs;gif;jpg;jpeg;jpe;resx;tiff;tif;png;wav</Extensions>
    </Filter>
    <Filter Include="Makefile">
      <UniqueIdentifier>{d3126f0d-6788-4886-997c-bd2140228c3f}</UniqueIdentifier>
    </Filter>
    <Filter Include="Forms">
      <UniqueIdentifier>{6bca52b7-cec4-4a12-9e73-3e5501ec72d1}</UniqueIdentifier>
    </Filter>
    <Filter Include="Generated">
      <UniqueIdentifier>{1f1311bb-a899-483e-8f11-86c9d5a4c6be}</UniqueIdentifier>
    </Filter>
  </ItemGroup>
  <ItemGroup>
    <ClCompile Include="..\src\batchrundlg.cpp">
      <Filter>Source Files</Filter>
    </ClCompile>
    <ClCompile Include="..\canvas_qt4.cpp">
      <Filter>Source Files</Filter>
    </ClCompile>
    <ClCompile Include="..\main.cpp">
      <Filter>Source Files</Filter>
    </ClCompile>
    <ClCompile Include="..\parametersdialog_qt4.cpp">
      <Filter>Source Files</Filter>
    </ClCompile>
  </ItemGroup>
  <ItemGroup>
    <ClInclude Include="..\src\batchrundlg.h">
      <Filter>Header Files</Filter>
    </ClInclude>
    <ClInclude Include="..\canvas_qt4.h">
      <Filter>Header Files</Filter>
    </ClInclude>
    <ClInclude Include="..\parametersdialog_qt4.h">
      <Filter>Header Files</Filter>
    </ClInclude>
    <ClInclude Include="..\ui_canvas_qt4.h">
      <Filter>Generated</Filter>
    </ClInclude>
    <ClInclude Include="..\ui_parametersdialog_qt4.h">
      <Filter>Generated</Filter>
    </ClInclude>
  </ItemGroup>
  <ItemGroup>
    <None Include="gui_hybrid.pro">
      <Filter>Makefile</Filter>
    </None>
    <None Include="..\ui\batchrundlg.ui">
      <Filter>Forms</Filter>
    </None>
    <None Include="..\canvas_qt4.ui">
      <Filter>Forms</Filter>
    </None>
    <None Include="..\parametersdialog_qt4.ui">
      <Filter>Forms</Filter>
    </None>
    <None Include="..\readme.txt" />
  </ItemGroup>
</Project>