
Microsoft Visual Studio Solution File, Format Version 9.00
# Visual C++ Express 2005
Project("{8BC9CEB8-8B4A-11D0-8D11-00A0C91BC942}") = "mezzo_lib", "..\..\mezzo_qt4\engine\mezzo.vcproj", "{D9C6530C-6FF8-4625-BD63-9EC0EF87BD52}"
EndProject
Project("{8BC9CEB8-8B4A-11D0-8D11-00A0C91BC942}") = "mezzo_standalone", "..\..\mezzo_qt4\engine\mezzo_s.vcproj", "{33673D18-024C-4A27-B2CA-2B12E6EB3AB0}"
EndProject
Project("{8BC9CEB8-8B4A-11D0-8D11-00A0C91BC942}") = "GUI", "..\..\mezzo_qt4\gui\mezzo_win_qt4.vcproj", "{3F550261-88CE-44FC-9A12-6E54DAF33904}"
EndProject
Global
	GlobalSection(SolutionConfigurationPlatforms) = preSolution
		Debug|Win32 = Debug|Win32
		Release|Win32 = Release|Win32
		VissimCom Debug|Win32 = VissimCom Debug|Win32
		VissimCom Release|Win32 = VissimCom Release|Win32
	EndGlobalSection
	GlobalSection(ProjectConfigurationPlatforms) = postSolution
		{D9C6530C-6FF8-4625-BD63-9EC0EF87BD52}.Debug|Win32.ActiveCfg = Debug|Win32
		{D9C6530C-6FF8-4625-BD63-9EC0EF87BD52}.Debug|Win32.Build.0 = Debug|Win32
		{D9C6530C-6FF8-4625-BD63-9EC0EF87BD52}.Release|Win32.ActiveCfg = Release|Win32
		{D9C6530C-6FF8-4625-BD63-9EC0EF87BD52}.Release|Win32.Build.0 = Release|Win32
		{D9C6530C-6FF8-4625-BD63-9EC0EF87BD52}.VissimCom Debug|Win32.ActiveCfg = VissimCom Debug|Win32
		{D9C6530C-6FF8-4625-BD63-9EC0EF87BD52}.VissimCom Debug|Win32.Build.0 = VissimCom Debug|Win32
		{D9C6530C-6FF8-4625-BD63-9EC0EF87BD52}.VissimCom Release|Win32.ActiveCfg = VissimCom|Win32
		{D9C6530C-6FF8-4625-BD63-9EC0EF87BD52}.VissimCom Release|Win32.Build.0 = VissimCom|Win32
		{33673D18-024C-4A27-B2CA-2B12E6EB3AB0}.Debug|Win32.ActiveCfg = Debug|Win32
		{33673D18-024C-4A27-B2CA-2B12E6EB3AB0}.Debug|Win32.Build.0 = Debug|Win32
		{33673D18-024C-4A27-B2CA-2B12E6EB3AB0}.Release|Win32.ActiveCfg = Release|Win32
		{33673D18-024C-4A27-B2CA-2B12E6EB3AB0}.Release|Win32.Build.0 = Release|Win32
		{33673D18-024C-4A27-B2CA-2B12E6EB3AB0}.VissimCom Debug|Win32.ActiveCfg = VissimCom Debug|Win32
		{33673D18-024C-4A27-B2CA-2B12E6EB3AB0}.VissimCom Debug|Win32.Build.0 = VissimCom Debug|Win32
		{33673D18-024C-4A27-B2CA-2B12E6EB3AB0}.VissimCom Release|Win32.ActiveCfg = VissimCom|Win32
		{33673D18-024C-4A27-B2CA-2B12E6EB3AB0}.VissimCom Release|Win32.Build.0 = VissimCom|Win32
		{3F550261-88CE-44FC-9A12-6E54DAF33904}.Debug|Win32.ActiveCfg = Debug|Win32
		{3F550261-88CE-44FC-9A12-6E54DAF33904}.Debug|Win32.Build.0 = Debug|Win32
		{3F550261-88CE-44FC-9A12-6E54DAF33904}.Release|Win32.ActiveCfg = Release|Win32
		{3F550261-88CE-44FC-9A12-6E54DAF33904}.Release|Win32.Build.0 = Release|Win32
		{3F550261-88CE-44FC-9A12-6E54DAF33904}.VissimCom Debug|Win32.ActiveCfg = VissimCom debug|Win32
		{3F550261-88CE-44FC-9A12-6E54DAF33904}.VissimCom Debug|Win32.Build.0 = VissimCom debug|Win32
		{3F550261-88CE-44FC-9A12-6E54DAF33904}.VissimCom Release|Win32.ActiveCfg = VissimCom|Win32
		{3F550261-88CE-44FC-9A12-6E54DAF33904}.VissimCom Release|Win32.Build.0 = VissimCom|Win32
	EndGlobalSection
	GlobalSection(SolutionProperties) = preSolution
		HideSolutionNode = FALSE
	EndGlobalSection
EndGlobal
